# THIS IS AN AUTOGENERATED FILE. DO NOT EDIT THIS FILE DIRECTLY.
# yarn lockfile v1


fastify-plugin@^5.0.0:
  version "5.0.1"
  resolved "https://registry.yarnpkg.com/fastify-plugin/-/fastify-plugin-5.0.1.tgz#82d44e6fe34d1420bb5a4f7bee434d501e41939f"
  integrity sha512-HCxs+YnRaWzCl+cWRYFnHmeRFyR5GVnJTAaCJQiYzQSDwK9MgJdyAsuL3nh0EWRCYMgQ5MeziymvmAhUHYHDUQ==
