# THIS IS AN AUTOGENERATED FILE. DO NOT EDIT THIS FILE DIRECTLY.
# yarn lockfile v1


fastify-plugin@^4.3.0:
  version "4.3.0"
  resolved "https://registry.yarnpkg.com/fastify-plugin/-/fastify-plugin-4.3.0.tgz#c6eaa87a7a0d6d1d16129e43e31d6bc1d8868e53"
  integrity sha512-M3+i368lV0OYTJ5TfClIoPKEKSOF7112iiPdwgfSR0gN98BjA1Nk+c6oBHtfcVt9KiMxl+EQKHC1QNWo3ZOpYQ==
